
Microsoft Visual Studio Solution File, Format Version 12.00
# Visual Studio Version 16
VisualStudioVersion = 16.0.31911.196
MinimumVisualStudioVersion = 10.0.40219.1
Project("{8BC9CEB8-8B4A-11D0-8D11-00A0C91BC942}") = "Matrix Transposition", "Matrix Transposition\Matrix Transposition.vcxproj", "{71FA335A-3900-4FFC-965A-A6E39425682D}"
EndProject
Global
	GlobalSection(SolutionConfigurationPlatforms) = preSolution
		Debug|x64 = Debug|x64
		Release|x64 = Release|x64
	EndGlobalSection
	GlobalSection(ProjectConfigurationPlatforms) = postSolution
		{71FA335A-3900-4FFC-965A-A6E39425682D}.Debug|x64.ActiveCfg = Debug|x64
		{71FA335A-3900-4FFC-965A-A6E39425682D}.Debug|x64.Build.0 = Debug|x64
		{71FA335A-3900-4FFC-965A-A6E39425682D}.Release|x64.ActiveCfg = Release|x64
		{71FA335A-3900-4FFC-965A-A6E39425682D}.Release|x64.Build.0 = Release|x64
	EndGlobalSection
	GlobalSection(SolutionProperties) = preSolution
		HideSolutionNode = FALSE
	EndGlobalSection
	GlobalSection(ExtensibilityGlobals) = postSolution
		SolutionGuid = {6AD71597-51A1-4A03-9E88-DA1F40D195BF}
	EndGlobalSection
EndGlobal
